
Microsoft Visual Studio Solution File, Format Version 12.00
# Visual Studio Version 17
VisualStudioVersion = 17.13.35818.85
MinimumVisualStudioVersion = 10.0.40219.1
Project("{FAE04EC0-301F-11D3-BF4B-00C04F79EFBC}") = "CSharp2TS.CLI", "CSharp2TS.CLI\CSharp2TS.CLI.csproj", "{B52049F9-36C4-47FA-AF14-8AE6EFB1553E}"
EndProject
Project("{FAE04EC0-301F-11D3-BF4B-00C04F79EFBC}") = "CSharp2TS", "CSharp2TS\CSharp2TS.csproj", "{659D6236-CFB5-4C56-BE39-B117F403CA06}"
EndProject
Project("{FAE04EC0-301F-11D3-BF4B-00C04F79EFBC}") = "CSharp2TS.Tests", "CSharp2TS.Tests\CSharp2TS.Tests.csproj", "{81C9A88A-D35A-45F9-91C4-3C036737DA17}"
EndProject
Project("{FAE04EC0-301F-11D3-BF4B-00C04F79EFBC}") = "CSharp2TS.Tests.Assembly", "CSharp2TS.Tests.Assembly\CSharp2TS.Tests.Assembly.csproj", "{DF660E09-4776-4729-934E-EB3FB82CEEDB}"
EndProject
Global
	GlobalSection(SolutionConfigurationPlatforms) = preSolution
		Debug|Any CPU = Debug|Any CPU
		Release|Any CPU = Release|Any CPU
	EndGlobalSection
	GlobalSection(ProjectConfigurationPlatforms) = postSolution
		{B52049F9-36C4-47FA-AF14-8AE6EFB1553E}.Debug|Any CPU.ActiveCfg = Debug|Any CPU
		{B52049F9-36C4-47FA-AF14-8AE6EFB1553E}.Debug|Any CPU.Build.0 = Debug|Any CPU
		{B52049F9-36C4-47FA-AF14-8AE6EFB1553E}.Release|Any CPU.ActiveCfg = Release|Any CPU
		{B52049F9-36C4-47FA-AF14-8AE6EFB1553E}.Release|Any CPU.Build.0 = Release|Any CPU
		{659D6236-CFB5-4C56-BE39-B117F403CA06}.Debug|Any CPU.ActiveCfg = Debug|Any CPU
		{659D6236-CFB5-4C56-BE39-B117F403CA06}.Debug|Any CPU.Build.0 = Debug|Any CPU
		{659D6236-CFB5-4C56-BE39-B117F403CA06}.Release|Any CPU.ActiveCfg = Release|Any CPU
		{659D6236-CFB5-4C56-BE39-B117F403CA06}.Release|Any CPU.Build.0 = Release|Any CPU
		{81C9A88A-D35A-45F9-91C4-3C036737DA17}.Debug|Any CPU.ActiveCfg = Debug|Any CPU
		{81C9A88A-D35A-45F9-91C4-3C036737DA17}.Debug|Any CPU.Build.0 = Debug|Any CPU
		{81C9A88A-D35A-45F9-91C4-3C036737DA17}.Release|Any CPU.ActiveCfg = Release|Any CPU
		{81C9A88A-D35A-45F9-91C4-3C036737DA17}.Release|Any CPU.Build.0 = Release|Any CPU
		{DF660E09-4776-4729-934E-EB3FB82CEEDB}.Debug|Any CPU.ActiveCfg = Debug|Any CPU
		{DF660E09-4776-4729-934E-EB3FB82CEEDB}.Debug|Any CPU.Build.0 = Debug|Any CPU
		{DF660E09-4776-4729-934E-EB3FB82CEEDB}.Release|Any CPU.ActiveCfg = Release|Any CPU
		{DF660E09-4776-4729-934E-EB3FB82CEEDB}.Release|Any CPU.Build.0 = Release|Any CPU
	EndGlobalSection
	GlobalSection(SolutionProperties) = preSolution
		HideSolutionNode = FALSE
	EndGlobalSection
	GlobalSection(ExtensibilityGlobals) = postSolution
		SolutionGuid = {3D95E336-EB26-4EF2-A6A2-E922D169026F}
	EndGlobalSection
EndGlobal
